
Microsoft Visual Studio Solution File, Format Version 12.00
# Visual Studio Version 17
VisualStudioVersion = 17.7.34031.279
MinimumVisualStudioVersion = 10.0.40219.1
Project("{FAE04EC0-301F-11D3-BF4B-00C04F79EFBC}") = "ProyectoG7", "ProyectoG7.csproj", "{17553C08-5323-4072-AAAD-036C5D07ADF2}"
EndProject
Global
	GlobalSection(SolutionConfigurationPlatforms) = preSolution
		Debug|Any CPU = Debug|Any CPU
		Release|Any CPU = Release|Any CPU
	EndGlobalSection
	GlobalSection(ProjectConfigurationPlatforms) = postSolution
		{17553C08-5323-4072-AAAD-036C5D07ADF2}.Debug|Any CPU.ActiveCfg = Debug|Any CPU
		{17553C08-5323-4072-AAAD-036C5D07ADF2}.Debug|Any CPU.Build.0 = Debug|Any CPU
		{17553C08-5323-4072-AAAD-036C5D07ADF2}.Release|Any CPU.ActiveCfg = Release|Any CPU
		{17553C08-5323-4072-AAAD-036C5D07ADF2}.Release|Any CPU.Build.0 = Release|Any CPU
	EndGlobalSection
	GlobalSection(SolutionProperties) = preSolution
		HideSolutionNode = FALSE
	EndGlobalSection
	GlobalSection(ExtensibilityGlobals) = postSolution
		SolutionGuid = {66E0C63B-F97A-45C3-9881-C6A6E57B3F7A}
	EndGlobalSection
EndGlobal
